<?xml version="1.0" encoding="utf-8"?>
<Project ToolsVersion="4.0" xmlns="http://schemas.microsoft.com/developer/msbuild/2003">
  <ItemGroup>
    <Filter Include="Source Files">
      <UniqueIdentifier>{4FC737F1-C7A5-4376-A066-2A32D752A2FF}</UniqueIdentifier>
      <Extensions>cpp;c;cc;cxx;def;odl;idl;hpj;bat;asm;asmx</Extensions>
    </Filter>
    <Filter Include="eggs">
      <UniqueIdentifier>{72e2f5ab-16f6-4617-a5c1-159d2ad09b38}</UniqueIdentifier>
    </Filter>
    <Filter Include="eggs\type_patterns">
      <UniqueIdentifier>{6ecfdc62-7026-44c7-930f-062a88ceab28}</UniqueIdentifier>
    </Filter>
    <Filter Include="eggs\type_patterns\detail">
      <UniqueIdentifier>{02081e27-20b4-4a9f-a200-306b4296f3a9}</UniqueIdentifier>
    </Filter>
    <Filter Include="eggs\type_patterns\algorithm">
      <UniqueIdentifier>{2be20d98-c4be-464a-8e3e-f9941c9d698d}</UniqueIdentifier>
    </Filter>
    <Filter Include="eggs\type_patterns\core">
      <UniqueIdentifier>{bc62cfb2-2a95-48e3-a086-36110d5c7120}</UniqueIdentifier>
    </Filter>
    <Filter Include="examples">
      <UniqueIdentifier>{0eb5b753-3b57-47b9-a1c0-f4ab9b70e312}</UniqueIdentifier>
    </Filter>
  </ItemGroup>
  <ItemGroup>
    <ClCompile Include="..\src\main.cpp">
      <Filter>Source Files</Filter>
    </ClCompile>
    <ClCompile Include="..\example\type_traits.cpp">
      <Filter>examples</Filter>
    </ClCompile>
  </ItemGroup>
  <ItemGroup>
    <ClInclude Include="..\include\eggs\type_patterns.hpp">
      <Filter>eggs</Filter>
    </ClInclude>
    <ClInclude Include="..\include\eggs\type_patterns\match.hpp">
      <Filter>eggs\type_patterns</Filter>
    </ClInclude>
    <ClInclude Include="..\include\eggs\type_patterns\metafunction.hpp">
      <Filter>eggs\type_patterns</Filter>
    </ClInclude>
    <ClInclude Include="..\include\eggs\type_patterns\placeholders.hpp">
      <Filter>eggs\type_patterns</Filter>
    </ClInclude>
    <ClInclude Include="..\include\eggs\type_patterns\detail\match.hpp">
      <Filter>eggs\type_patterns\detail</Filter>
    </ClInclude>
    <ClInclude Include="..\include\eggs\type_patterns\algorithm\any_of.hpp">
      <Filter>eggs\type_patterns\algorithm</Filter>
    </ClInclude>
    <ClInclude Include="..\include\eggs\type_patterns\algorithm\none_of.hpp">
      <Filter>eggs\type_patterns\algorithm</Filter>
    </ClInclude>
    <ClInclude Include="..\include\eggs\type_patterns\algorithm\all_of.hpp">
      <Filter>eggs\type_patterns\algorithm</Filter>
    </ClInclude>
    <ClInclude Include="..\include\eggs\type_patterns\core\apply.hpp">
      <Filter>eggs\type_patterns\core</Filter>
    </ClInclude>
    <ClInclude Include="..\include\eggs\type_patterns\core\as.hpp">
      <Filter>eggs\type_patterns\core</Filter>
    </ClInclude>
    <ClInclude Include="..\include\eggs\type_patterns\detail\match_bool.hpp">
      <Filter>eggs\type_patterns\detail</Filter>
    </ClInclude>
    <ClInclude Include="..\include\eggs\type_patterns\detail\replace.hpp">
      <Filter>eggs\type_patterns\detail</Filter>
    </ClInclude>
    <ClInclude Include="..\include\eggs\type_patterns\replace.hpp">
      <Filter>eggs\type_patterns</Filter>
    </ClInclude>
    <ClInclude Include="..\include\eggs\type_patterns\detail\replace_type.hpp">
      <Filter>eggs\type_patterns\detail</Filter>
    </ClInclude>
    <ClInclude Include="..\include\eggs\type_patterns\core\ignore_cv.hpp">
      <Filter>eggs\type_patterns\core</Filter>
    </ClInclude>
    <ClInclude Include="..\include\eggs\type_patterns\core\not.hpp">
      <Filter>eggs\type_patterns\core</Filter>
    </ClInclude>
    <ClInclude Include="..\include\eggs\type_patterns\core\ignore_sign.hpp">
      <Filter>eggs\type_patterns\core</Filter>
    </ClInclude>
    <ClInclude Include="..\include\eggs\type_patterns\match_fwd.hpp">
      <Filter>eggs\type_patterns</Filter>
    </ClInclude>
    <ClInclude Include="..\include\eggs\type_patterns\replace_fwd.hpp">
      <Filter>eggs\type_patterns</Filter>
    </ClInclude>
  </ItemGroup>
  <ItemGroup>
    <Text Include="..\LICENSE_1_0.txt" />
  </ItemGroup>
  <ItemGroup>
    <None Include="..\README.md" />
  </ItemGroup>
</Project>